<?xml version="1.0" encoding="utf-8"?>
<Project ToolsVersion="4.0" xmlns="http://schemas.microsoft.com/developer/msbuild/2003">
  <ItemGroup>
    <Filter Include="Source Files">
      <UniqueIdentifier>{4FC737F1-C7A5-4376-A066-2A32D752A2FF}</UniqueIdentifier>
      <Extensions>cpp;c;cc;cxx;c++;cppm;ixx;def;odl;idl;hpj;bat;asm;asmx</Extensions>
    </Filter>
    <Filter Include="Header Files">
      <UniqueIdentifier>{93995380-89BD-4b04-88EB-625FBE52EBFB}</UniqueIdentifier>
      <Extensions>h;hh;hpp;hxx;h++;hm;inl;inc;ipp;xsd</Extensions>
    </Filter>
    <Filter Include="Resource Files">
      <UniqueIdentifier>{67DA6AB6-F800-4c08-8B7A-83BB121AAD01}</UniqueIdentifier>
      <Extensions>rc;ico;cur;bmp;dlg;rc2;rct;bin;rgs;gif;jpg;jpeg;jpe;resx;tiff;tif;png;wav;mfcribbon-ms</Extensions>
    </Filter>
  </ItemGroup>
  <ItemGroup>
    <Image Include="brickwall_1.jpg">
      <Filter>Resource Files</Filter>
    </Image>
    <Image Include="brickwall_2.jpg">
      <Filter>Resource Files</Filter>
    </Image>
    <Image Include="road.jpg">
      <Filter>Resource Files</Filter>
    </Image>
    <Image Include="transparent.png">
      <Filter>Resource Files</Filter>
    </Image>
    <Image Include="concrete1.PNG">
      <Filter>Resource Files</Filter>
    </Image>
    <Image Include="concrete2.PNG">
      <Filter>Resource Files</Filter>
    </Image>
    <Image Include="concrete3.PNG">
      <Filter>Resource Files</Filter>
    </Image>
    <Image Include="floor.jpg">
      <Filter>Resource Files</Filter>
    </Image>
    <Image Include="wall.jpg">
      <Filter>Resource Files</Filter>
    </Image>
    <Image Include="carpet.jpg">
      <Filter>Resource Files</Filter>
    </Image>
    <Image Include="glass.jpg">
      <Filter>Resource Files</Filter>
    </Image>
    <Image Include="curtain.jpg">
      <Filter>Resource Files</Filter>
    </Image>
    <Image Include="wood.jpg">
      <Filter>Resource Files</Filter>
    </Image>
    <Image Include="amd.PNG">
      <Filter>Resource Files</Filter>
    </Image>
    <Image Include="ap.JPG">
      <Filter>Resource Files</Filter>
    </Image>
    <Image Include="upper_patr.jpg">
      <Filter>Resource Files</Filter>
    </Image>
    <Image Include="stick.jpg">
      <Filter>Resource Files</Filter>
    </Image>
    <Image Include="stair_upper.jpg">
      <Filter>Resource Files</Filter>
    </Image>
    <Image Include="sofa.jpg">
      <Filter>Resource Files</Filter>
    </Image>
    <Image Include="front.jpg">
      <Filter>Resource Files</Filter>
    </Image>
    <Image Include="sky.jpg">
      <Filter>Resource Files</Filter>
    </Image>
    <Image Include="bed.jpg">
      <Filter>Resource Files</Filter>
    </Image>
  </ItemGroup>
  <ItemGroup>
    <None Include="fragmentShader.fs">
      <Filter>Source Files</Filter>
    </None>
    <None Include="lightFragmentShader.fs">
      <Filter>Source Files</Filter>
    </None>
    <None Include="lightVertexShader.vs">
      <Filter>Source Files</Filter>
    </None>
    <None Include="vertexShader.vs">
      <Filter>Source Files</Filter>
    </None>
  </ItemGroup>
  <ItemGroup>
    <ClCompile Include="image_loader.cpp">
      <Filter>Source Files</Filter>
    </ClCompile>
    <ClCompile Include="main.cpp">
      <Filter>Source Files</Filter>
    </ClCompile>
    <ClCompile Include="F:\Abrar\opengl\glad.c">
      <Filter>Source Files</Filter>
    </ClCompile>
    <ClCompile Include="sphere.h">
      <Filter>Source Files</Filter>
    </ClCompile>
  </ItemGroup>
  <ItemGroup>
    <ClInclude Include="basic_camera.h">
      <Filter>Header Files</Filter>
    </ClInclude>
    <ClInclude Include="camera.h">
      <Filter>Header Files</Filter>
    </ClInclude>
    <ClInclude Include="directionalLight.h">
      <Filter>Header Files</Filter>
    </ClInclude>
    <ClInclude Include="pointLight.h">
      <Filter>Header Files</Filter>
    </ClInclude>
    <ClInclude Include="shader.h">
      <Filter>Header Files</Filter>
    </ClInclude>
    <ClInclude Include="spotLight.h">
      <Filter>Header Files</Filter>
    </ClInclude>
    <ClInclude Include="stb_image.h">
      <Filter>Header Files</Filter>
    </ClInclude>
    <ClInclude Include="curve.h">
      <Filter>Header Files</Filter>
    </ClInclude>
    <ClInclude Include="bezier.h">
      <Filter>Header Files</Filter>
    </ClInclude>
    <ClInclude Include="sphere2.h">
      <Filter>Header Files</Filter>
    </ClInclude>
    <ClInclude Include="bezier2.h">
      <Filter>Header Files</Filter>
    </ClInclude>
  </ItemGroup>
</Project>